{
  "name": "WebAppYte",
  "lockfileVersion": 3,
  "requires": true,
  "packages": {
    "": {
      "dependencies": {
        "tui-calendar": "^1.15.3"
      }
    },
    "node_modules/dompurify": {
      "version": "2.5.5",
      "resolved": "https://registry.npmjs.org/dompurify/-/dompurify-2.5.5.tgz",
      "integrity": "sha512-FgbqnEPiv5Vdtwt6Mxl7XSylttCC03cqP5ldNT2z+Kj0nLxPHJH4+1Cyf5Jasxhw93Rl4Oo11qRoUV72fmya2Q=="
    },
    "node_modules/tui-calendar": {
      "version": "1.15.3",
      "resolved": "https://registry.npmjs.org/tui-calendar/-/tui-calendar-1.15.3.tgz",
      "integrity": "sha512-S+QxtSPunLUNIX/eHoHcBB9XlPVT15Wh6ItR62n5K/Gq3WeSQdyhdbsuZJYV9z75bgJbFzp6x32v2yEPm6iWrg==",
      "dependencies": {
        "dompurify": "^2.3.1",
        "tui-code-snippet": "^1.5.0",
        "tui-date-picker": "^4.3.0",
        "tui-time-picker": "^2.1.4"
      }
    },
    "node_modules/tui-code-snippet": {
      "version": "1.5.2",
      "resolved": "https://registry.npmjs.org/tui-code-snippet/-/tui-code-snippet-1.5.2.tgz",
      "integrity": "sha512-6UqTlQaaC1KLcmC0HAoq5dtl1G4Fib+R+NC7pmaV7kiIlZ7JqKhUmnOoGRcreAyzd81UTK/vCvhrw9QJskpCFQ=="
    },
    "node_modules/tui-date-picker": {
      "version": "4.3.3",
      "resolved": "https://registry.npmjs.org/tui-date-picker/-/tui-date-picker-4.3.3.tgz",
      "integrity": "sha512-/2YoLnj5c1e+Ag1ZZYOgzEs2o0v7Ol7c5UAnBj438zGlkwkMxyH0HwP2pVqqIYX05WE7K0+6nTWVMybS8otBgw==",
      "dependencies": {
        "tui-time-picker": "^2.1.6"
      }
    },
    "node_modules/tui-time-picker": {
      "version": "2.1.6",
      "resolved": "https://registry.npmjs.org/tui-time-picker/-/tui-time-picker-2.1.6.tgz",
      "integrity": "sha512-4Jmo3wjGS+Ii4/qQgt5DaFEohHpB3U6BzWeTODVVFHD9sx3NOsbomY9K0xMobSLODi+tQEH7wfOtNU0IJmcQ6Q=="
    }
  }
}
